{
    "_readme": [
        "This file locks the dependencies of your project to a known state",
        "Read more about it at https://getcomposer.org/doc/01-basic-usage.md#installing-dependencies",
        "This file is @generated automatically"
    ],
    "content-hash": "a7b00e71bbc679caedb4fd04207dd116",
    "packages": [
        {
            "name": "elephantio/elephant.io",
            "version": "v4.7.0",
            "source": {
                "type": "git",
                "url": "https://github.com/ElephantIO/elephant.io.git",
                "reference": "4b2f8f044c815c6c5b7c989cc2e18a370718e55f"
            },
            "dist": {
                "type": "zip",
                "url": "https://api.github.com/repos/ElephantIO/elephant.io/zipball/4b2f8f044c815c6c5b7c989cc2e18a370718e55f",
                "reference": "4b2f8f044c815c6c5b7c989cc2e18a370718e55f",
                "shasum": ""
            },
            "require": {
                "ext-mbstring": "*",
                "php": ">=7.2",
                "psr/log": "^1.1 || ^3.0"
            },
            "require-dev": {
                "friendsofphp/php-cs-fixer": "^3.0",
                "monolog/monolog": "^2.8 || ^3.0",
                "phpunit/phpunit": "^8.5 || ^9.5"
            },
            "type": "library",
            "autoload": {
                "psr-4": {
                    "ElephantIO\\": "src/"
                }
            },
            "notification-url": "https://packagist.org/downloads/",
            "license": [
                "MIT"
            ],
            "authors": [
                {
                    "name": "Baptiste Clavié",
                    "email": "baptiste@wisembly.com",
                    "homepage": "http://baptiste.xn--clavi-fsa.net/",
                    "role": "Maintainer"
                },
                {
                    "name": "Guillaume Potier",
                    "email": "guillaume@wisembly.com",
                    "role": "Maintainer"
                },
                {
                    "name": "Toha",
                    "email": "tohenk@yahoo.com",
                    "role": "Maintainer"
                },
                {
                    "name": "Ludovic Barreca",
                    "email": "ludogp2@gmail.com",
                    "role": "Project Founder"
                },
                {
                    "name": "Elephant.IO Community",
                    "role": "Contributors :)"
                }
            ],
            "description": "Send events to a socket.io server through PHP",
            "homepage": "https://elephantio.github.io/elephant.io/",
            "keywords": [
                "Socket.io",
                "dialog",
                "nodejs",
                "real time",
                "websocket"
            ],
            "support": {
                "source": "https://github.com/ElephantIO/elephant.io/tree/v4.7.0"
            },
            "time": "2024-02-16T19:40:38+00:00"
        },
        {
            "name": "mrclay/jsmin-php",
            "version": "2.4.3",
            "source": {
                "type": "git",
                "url": "https://github.com/mrclay/jsmin-php.git",
                "reference": "49feaa85933458c15bb62ae65644bf22d60b7610"
            },
            "dist": {
                "type": "zip",
                "url": "https://api.github.com/repos/mrclay/jsmin-php/zipball/49feaa85933458c15bb62ae65644bf22d60b7610",
                "reference": "49feaa85933458c15bb62ae65644bf22d60b7610",
                "shasum": ""
            },
            "require": {
                "ext-pcre": "*",
                "php": ">=5.3.0"
            },
            "require-dev": {
                "phpunit/phpunit": "^4.8.36|^9.5.26"
            },
            "type": "library",
            "autoload": {
                "psr-0": {
                    "JSMin\\": "src/"
                }
            },
            "notification-url": "https://packagist.org/downloads/",
            "license": [
                "MIT"
            ],
            "authors": [
                {
                    "name": "Stephen Clay",
                    "email": "steve@mrclay.org",
                    "role": "Developer"
                },
                {
                    "name": "Ryan Grove",
                    "email": "ryan@wonko.com",
                    "role": "Developer"
                }
            ],
            "description": "Provides a modified port of Douglas Crockford's jsmin.c, which removes unnecessary whitespace from JavaScript files.",
            "homepage": "https://github.com/mrclay/jsmin-php/",
            "keywords": [
                "compress",
                "jsmin",
                "minify"
            ],
            "support": {
                "email": "minify@googlegroups.com",
                "issues": "https://github.com/mrclay/jsmin-php/issues",
                "source": "https://github.com/mrclay/jsmin-php/tree/2.4.3"
            },
            "time": "2022-12-13T20:15:15+00:00"
        },
        {
            "name": "ntlab/ntjs",
            "version": "v2.3.0",
            "source": {
                "type": "git",
                "url": "https://github.com/tohenk/php-ntjs.git",
                "reference": "e000a94f09114b137947041cdb4b2681b0392dec"
            },
            "dist": {
                "type": "zip",
                "url": "https://api.github.com/repos/tohenk/php-ntjs/zipball/e000a94f09114b137947041cdb4b2681b0392dec",
                "reference": "e000a94f09114b137947041cdb4b2681b0392dec",
                "shasum": ""
            },
            "require": {
                "php": ">=7.1"
            },
            "require-dev": {
                "phpunit/phpunit": "^9.5"
            },
            "type": "library",
            "autoload": {
                "psr-4": {
                    "NTLAB\\JS\\": "src/",
                    "NTLAB\\JS\\Test\\": "tests/"
                }
            },
            "notification-url": "https://packagist.org/downloads/",
            "license": [
                "MIT"
            ],
            "authors": [
                {
                    "name": "Toha",
                    "email": "tohenk@yahoo.com",
                    "role": "Developer"
                }
            ],
            "description": "PHP Javascript Repository",
            "homepage": "https://github.com/tohenk/php-ntjs",
            "keywords": [
                "javascript",
                "ntjs",
                "repository"
            ],
            "support": {
                "issues": "https://github.com/tohenk/php-ntjs/issues",
                "source": "https://github.com/tohenk/php-ntjs/tree/v2.3.0"
            },
            "time": "2024-04-26T00:55:22+00:00"
        },
        {
            "name": "psr/log",
            "version": "3.0.0",
            "source": {
                "type": "git",
                "url": "https://github.com/php-fig/log.git",
                "reference": "fe5ea303b0887d5caefd3d431c3e61ad47037001"
            },
            "dist": {
                "type": "zip",
                "url": "https://api.github.com/repos/php-fig/log/zipball/fe5ea303b0887d5caefd3d431c3e61ad47037001",
                "reference": "fe5ea303b0887d5caefd3d431c3e61ad47037001",
                "shasum": ""
            },
            "require": {
                "php": ">=8.0.0"
            },
            "type": "library",
            "extra": {
                "branch-alias": {
                    "dev-master": "3.x-dev"
                }
            },
            "autoload": {
                "psr-4": {
                    "Psr\\Log\\": "src"
                }
            },
            "notification-url": "https://packagist.org/downloads/",
            "license": [
                "MIT"
            ],
            "authors": [
                {
                    "name": "PHP-FIG",
                    "homepage": "https://www.php-fig.org/"
                }
            ],
            "description": "Common interface for logging libraries",
            "homepage": "https://github.com/php-fig/log",
            "keywords": [
                "log",
                "psr",
                "psr-3"
            ],
            "support": {
                "source": "https://github.com/php-fig/log/tree/3.0.0"
            },
            "time": "2021-07-14T16:46:02+00:00"
        }
    ],
    "packages-dev": [],
    "aliases": [],
    "minimum-stability": "stable",
    "stability-flags": [],
    "prefer-stable": false,
    "prefer-lowest": false,
    "platform": [],
    "platform-dev": [],
    "plugin-api-version": "2.6.0"
}
