{
    "_readme": [
        "This file locks the dependencies of your project to a known state",
        "Read more about it at https://getcomposer.org/doc/01-basic-usage.md#installing-dependencies",
        "This file is @generated automatically"
    ],
    "content-hash": "19992685a2bfde9974520203d192ae75",
    "packages": [
        {
            "name": "elephantio/elephant.io",
            "version": "v4.12.2",
            "source": {
                "type": "git",
                "url": "https://github.com/ElephantIO/elephant.io.git",
                "reference": "fe65ded4d625bd794a13463875c89411f1b71abf"
            },
            "dist": {
                "type": "zip",
                "url": "https://api.github.com/repos/ElephantIO/elephant.io/zipball/fe65ded4d625bd794a13463875c89411f1b71abf",
                "reference": "fe65ded4d625bd794a13463875c89411f1b71abf",
                "shasum": ""
            },
            "require": {
                "ext-mbstring": "*",
                "php": ">=7.2",
                "psr/log": "^1.1 || ^3.0"
            },
            "require-dev": {
                "friendsofphp/php-cs-fixer": "^3.0",
                "monolog/monolog": "^2.8 || ^3.0",
                "phpunit/phpunit": "^8.5 || ^9.5"
            },
            "type": "library",
            "autoload": {
                "psr-4": {
                    "ElephantIO\\": "src/"
                }
            },
            "notification-url": "https://packagist.org/downloads/",
            "license": [
                "MIT"
            ],
            "authors": [
                {
                    "name": "Baptiste Clavié",
                    "email": "baptiste@wisembly.com",
                    "homepage": "http://baptiste.xn--clavi-fsa.net/",
                    "role": "Maintainer"
                },
                {
                    "name": "Guillaume Potier",
                    "email": "guillaume@wisembly.com",
                    "role": "Maintainer"
                },
                {
                    "name": "Toha",
                    "email": "tohenk@yahoo.com",
                    "role": "Maintainer"
                },
                {
                    "name": "Ludovic Barreca",
                    "email": "ludogp2@gmail.com",
                    "role": "Project Founder"
                },
                {
                    "name": "Elephant.IO Community",
                    "role": "Contributors :)"
                }
            ],
            "description": "Send events to a socket.io server through PHP",
            "homepage": "https://elephantio.github.io/elephant.io/",
            "keywords": [
                "Socket.io",
                "dialog",
                "nodejs",
                "real time",
                "websocket"
            ],
            "support": {
                "issues": "https://github.com/ElephantIO/elephant.io/issues",
                "source": "https://github.com/ElephantIO/elephant.io/tree/v4.12.2"
            },
            "time": "2024-12-03T03:35:09+00:00"
        },
        {
            "name": "mrclay/jsmin-php",
            "version": "2.4.3",
            "source": {
                "type": "git",
                "url": "https://github.com/mrclay/jsmin-php.git",
                "reference": "49feaa85933458c15bb62ae65644bf22d60b7610"
            },
            "dist": {
                "type": "zip",
                "url": "https://api.github.com/repos/mrclay/jsmin-php/zipball/49feaa85933458c15bb62ae65644bf22d60b7610",
                "reference": "49feaa85933458c15bb62ae65644bf22d60b7610",
                "shasum": ""
            },
            "require": {
                "ext-pcre": "*",
                "php": ">=5.3.0"
            },
            "require-dev": {
                "phpunit/phpunit": "^4.8.36|^9.5.26"
            },
            "type": "library",
            "autoload": {
                "psr-0": {
                    "JSMin\\": "src/"
                }
            },
            "notification-url": "https://packagist.org/downloads/",
            "license": [
                "MIT"
            ],
            "authors": [
                {
                    "name": "Stephen Clay",
                    "email": "steve@mrclay.org",
                    "role": "Developer"
                },
                {
                    "name": "Ryan Grove",
                    "email": "ryan@wonko.com",
                    "role": "Developer"
                }
            ],
            "description": "Provides a modified port of Douglas Crockford's jsmin.c, which removes unnecessary whitespace from JavaScript files.",
            "homepage": "https://github.com/mrclay/jsmin-php/",
            "keywords": [
                "compress",
                "jsmin",
                "minify"
            ],
            "support": {
                "email": "minify@googlegroups.com",
                "issues": "https://github.com/mrclay/jsmin-php/issues",
                "source": "https://github.com/mrclay/jsmin-php/tree/2.4.3"
            },
            "time": "2022-12-13T20:15:15+00:00"
        },
        {
            "name": "ntlab/ntjs",
            "version": "v4.0.0",
            "source": {
                "type": "git",
                "url": "https://github.com/tohenk/php-ntjs.git",
                "reference": "f002047d44a457e8960a6f70054da76dbab3edbc"
            },
            "dist": {
                "type": "zip",
                "url": "https://api.github.com/repos/tohenk/php-ntjs/zipball/f002047d44a457e8960a6f70054da76dbab3edbc",
                "reference": "f002047d44a457e8960a6f70054da76dbab3edbc",
                "shasum": ""
            },
            "require": {
                "php": ">=7.4"
            },
            "require-dev": {
                "phpunit/phpunit": "^9.5"
            },
            "type": "library",
            "extra": {
                "repository-initializers": {
                    "default": "NTLAB\\JS\\Initializer\\Fallback"
                }
            },
            "autoload": {
                "psr-4": {
                    "NTLAB\\JS\\": "src/",
                    "NTLAB\\JS\\Test\\": "tests/"
                }
            },
            "notification-url": "https://packagist.org/downloads/",
            "license": [
                "MIT"
            ],
            "authors": [
                {
                    "name": "Toha",
                    "email": "tohenk@yahoo.com",
                    "role": "Developer"
                }
            ],
            "description": "PHP-NTJS Javascript Repository",
            "homepage": "https://github.com/tohenk/php-ntjs",
            "keywords": [
                "javascript",
                "ntjs",
                "repository"
            ],
            "support": {
                "issues": "https://github.com/tohenk/php-ntjs/issues",
                "source": "https://github.com/tohenk/php-ntjs/tree/v4.0.0"
            },
            "time": "2025-01-31T10:53:14+00:00"
        },
        {
            "name": "ntlab/ntjs-repo",
            "version": "v4.0.0",
            "source": {
                "type": "git",
                "url": "https://github.com/tohenk/php-ntjs-repo.git",
                "reference": "92b3ea82cbf20e6fc76c20b2e7a8f03b52033da2"
            },
            "dist": {
                "type": "zip",
                "url": "https://api.github.com/repos/tohenk/php-ntjs-repo/zipball/92b3ea82cbf20e6fc76c20b2e7a8f03b52033da2",
                "reference": "92b3ea82cbf20e6fc76c20b2e7a8f03b52033da2",
                "shasum": ""
            },
            "require": {
                "ntlab/ntjs": "^4.0",
                "php": ">=7.4"
            },
            "require-dev": {
                "phpunit/phpunit": "^9.5"
            },
            "type": "library",
            "extra": {
                "script-resolvers": {
                    "NTLAB\\JS\\Repo\\Script": "NTLAB\\JS\\DependencyResolver"
                },
                "repository-initializers": {
                    "jquery": "NTLAB\\JS\\Repo\\Initializer\\JQuery"
                }
            },
            "autoload": {
                "psr-4": {
                    "NTLAB\\JS\\Repo\\": "src/",
                    "NTLAB\\JS\\Repo\\Test\\": "tests/"
                }
            },
            "notification-url": "https://packagist.org/downloads/",
            "license": [
                "MIT"
            ],
            "authors": [
                {
                    "name": "Toha",
                    "email": "tohenk@yahoo.com",
                    "role": "Developer"
                }
            ],
            "description": "PHP-NTJS Script Repository",
            "homepage": "https://github.com/tohenk/php-ntjs-repo",
            "keywords": [
                "javascript",
                "ntjs",
                "repository"
            ],
            "support": {
                "issues": "https://github.com/tohenk/php-ntjs-repo/issues",
                "source": "https://github.com/tohenk/php-ntjs-repo/tree/v4.0.0"
            },
            "time": "2025-01-31T11:54:10+00:00"
        },
        {
            "name": "psr/log",
            "version": "3.0.2",
            "source": {
                "type": "git",
                "url": "https://github.com/php-fig/log.git",
                "reference": "f16e1d5863e37f8d8c2a01719f5b34baa2b714d3"
            },
            "dist": {
                "type": "zip",
                "url": "https://api.github.com/repos/php-fig/log/zipball/f16e1d5863e37f8d8c2a01719f5b34baa2b714d3",
                "reference": "f16e1d5863e37f8d8c2a01719f5b34baa2b714d3",
                "shasum": ""
            },
            "require": {
                "php": ">=8.0.0"
            },
            "type": "library",
            "extra": {
                "branch-alias": {
                    "dev-master": "3.x-dev"
                }
            },
            "autoload": {
                "psr-4": {
                    "Psr\\Log\\": "src"
                }
            },
            "notification-url": "https://packagist.org/downloads/",
            "license": [
                "MIT"
            ],
            "authors": [
                {
                    "name": "PHP-FIG",
                    "homepage": "https://www.php-fig.org/"
                }
            ],
            "description": "Common interface for logging libraries",
            "homepage": "https://github.com/php-fig/log",
            "keywords": [
                "log",
                "psr",
                "psr-3"
            ],
            "support": {
                "source": "https://github.com/php-fig/log/tree/3.0.2"
            },
            "time": "2024-09-11T13:17:53+00:00"
        }
    ],
    "packages-dev": [],
    "aliases": [],
    "minimum-stability": "stable",
    "stability-flags": {},
    "prefer-stable": false,
    "prefer-lowest": false,
    "platform": {},
    "platform-dev": {},
    "plugin-api-version": "2.6.0"
}
